
Microsoft Visual Studio Solution File, Format Version 12.00
# Visual Studio Version 17
VisualStudioVersion = 17.0.31903.59
MinimumVisualStudioVersion = 10.0.40219.1
Project("{FAE04EC0-301F-11D3-BF4B-00C04F79EFBC}") = "DataAccess", "DataAccess\DataAccess.csproj", "{79096D6F-78BB-4BA2-8078-93E19E2D4723}"
EndProject
Project("{FAE04EC0-301F-11D3-BF4B-00C04F79EFBC}") = "API", "API\API.csproj", "{B3027C26-F701-45EB-95A9-A91906071CAB}"
EndProject
Project("{FAE04EC0-301F-11D3-BF4B-00C04F79EFBC}") = "Service", "Service\Service.csproj", "{3993FA3B-9172-4EBE-A7AF-F5ED077BA783}"
EndProject
Project("{FAE04EC0-301F-11D3-BF4B-00C04F79EFBC}") = "UnitTest", "UnitTest\UnitTest.csproj", "{4C93C66B-4F71-443F-95D0-702F82782693}"
EndProject
Global
	GlobalSection(SolutionConfigurationPlatforms) = preSolution
		Debug|Any CPU = Debug|Any CPU
		Release|Any CPU = Release|Any CPU
	EndGlobalSection
	GlobalSection(SolutionProperties) = preSolution
		HideSolutionNode = FALSE
	EndGlobalSection
	GlobalSection(ProjectConfigurationPlatforms) = postSolution
		{79096D6F-78BB-4BA2-8078-93E19E2D4723}.Debug|Any CPU.ActiveCfg = Debug|Any CPU
		{79096D6F-78BB-4BA2-8078-93E19E2D4723}.Debug|Any CPU.Build.0 = Debug|Any CPU
		{79096D6F-78BB-4BA2-8078-93E19E2D4723}.Release|Any CPU.ActiveCfg = Release|Any CPU
		{79096D6F-78BB-4BA2-8078-93E19E2D4723}.Release|Any CPU.Build.0 = Release|Any CPU
		{B3027C26-F701-45EB-95A9-A91906071CAB}.Debug|Any CPU.ActiveCfg = Debug|Any CPU
		{B3027C26-F701-45EB-95A9-A91906071CAB}.Debug|Any CPU.Build.0 = Debug|Any CPU
		{B3027C26-F701-45EB-95A9-A91906071CAB}.Release|Any CPU.ActiveCfg = Release|Any CPU
		{B3027C26-F701-45EB-95A9-A91906071CAB}.Release|Any CPU.Build.0 = Release|Any CPU
		{3993FA3B-9172-4EBE-A7AF-F5ED077BA783}.Debug|Any CPU.ActiveCfg = Debug|Any CPU
		{3993FA3B-9172-4EBE-A7AF-F5ED077BA783}.Debug|Any CPU.Build.0 = Debug|Any CPU
		{3993FA3B-9172-4EBE-A7AF-F5ED077BA783}.Release|Any CPU.ActiveCfg = Release|Any CPU
		{3993FA3B-9172-4EBE-A7AF-F5ED077BA783}.Release|Any CPU.Build.0 = Release|Any CPU
		{4C93C66B-4F71-443F-95D0-702F82782693}.Debug|Any CPU.ActiveCfg = Debug|Any CPU
		{4C93C66B-4F71-443F-95D0-702F82782693}.Debug|Any CPU.Build.0 = Debug|Any CPU
		{4C93C66B-4F71-443F-95D0-702F82782693}.Release|Any CPU.ActiveCfg = Release|Any CPU
		{4C93C66B-4F71-443F-95D0-702F82782693}.Release|Any CPU.Build.0 = Release|Any CPU
	EndGlobalSection
EndGlobal
